{
  "name": "@momo-api/codex-bridge",
  "version": "0.4.0",
  "lockfileVersion": 3,
  "requires": true,
  "packages": {
    "": {
      "name": "@momo-api/codex-bridge",
      "version": "0.4.0",
      "license": "MIT",
      "bin": {
        "momo-codex-bridge": "bin/momo-codex-bridge.mjs",
        "momo-codex-switch": "bin/momo-codex-switch.mjs"
      },
      "engines": {
        "node": ">=22"
      }
    }
  }
}
